
Microsoft Visual Studio Solution File, Format Version 12.00
# Visual Studio Version 16
VisualStudioVersion = 16.0.32630.194
MinimumVisualStudioVersion = 10.0.40219.1
Project("{FAE04EC0-301F-11D3-BF4B-00C04F79EFBC}") = "EmployeeDetails", "EmployeeDetails.csproj", "{FF4B9CA7-DAB3-4B82-96F1-3550FC663477}"
EndProject
Global
	GlobalSection(SolutionConfigurationPlatforms) = preSolution
		Debug|Any CPU = Debug|Any CPU
		Release|Any CPU = Release|Any CPU
	EndGlobalSection
	GlobalSection(ProjectConfigurationPlatforms) = postSolution
		{FF4B9CA7-DAB3-4B82-96F1-3550FC663477}.Debug|Any CPU.ActiveCfg = Debug|Any CPU
		{FF4B9CA7-DAB3-4B82-96F1-3550FC663477}.Debug|Any CPU.Build.0 = Debug|Any CPU
		{FF4B9CA7-DAB3-4B82-96F1-3550FC663477}.Release|Any CPU.ActiveCfg = Release|Any CPU
		{FF4B9CA7-DAB3-4B82-96F1-3550FC663477}.Release|Any CPU.Build.0 = Release|Any CPU
	EndGlobalSection
	GlobalSection(SolutionProperties) = preSolution
		HideSolutionNode = FALSE
	EndGlobalSection
	GlobalSection(ExtensibilityGlobals) = postSolution
		SolutionGuid = {4EB6A2D6-AA31-4336-A261-E8CB7E778743}
	EndGlobalSection
EndGlobal
